// !$*UTF8*$!
{
	archiveVersion = 1;
	classes = {
	};
	objectVersion = 46;
	objects = {

/* Begin PBXBuildFile section */
		61751AB01CB3329B009C0B6C /* AppDelegate.swift in Sources */ = {isa = PBXBuildFile; fileRef = 61751AAF1CB3329B009C0B6C /* AppDelegate.swift */; };
		61751AB21CB3329B009C0B6C /* ViewController.swift in Sources */ = {isa = PBXBuildFile; fileRef = 61751AB11CB3329B009C0B6C /* ViewController.swift */; };
		61751AB51CB3329B009C0B6C /* Main.storyboard in Resources */ = {isa = PBXBuildFile; fileRef = 61751AB31CB3329B009C0B6C /* Main.storyboard */; };
		61751AB71CB3329B009C0B6C /* Assets.xcassets in Resources */ = {isa = PBXBuildFile; fileRef = 61751AB61CB3329B009C0B6C /* Assets.xcassets */; };
		61751ABA1CB3329B009C0B6C /* LaunchScreen.storyboard in Resources */ = {isa = PBXBuildFile; fileRef = 61751AB81CB3329B009C0B6C /* LaunchScreen.storyboard */; };
		61751AC51CB3329B009C0B6C /* campusrec_iosTests.swift in Sources */ = {isa = PBXBuildFile; fileRef = 61751AC41CB3329B009C0B6C /* campusrec_iosTests.swift */; };
		61751AD01CB3329B009C0B6C /* campusrec_iosUITests.swift in Sources */ = {isa = PBXBuildFile; fileRef = 61751ACF1CB3329B009C0B6C /* campusrec_iosUITests.swift */; };
/* End PBXBuildFile section */

/* Begin PBXContainerItemProxy section */
		61751AC11CB3329B009C0B6C /* PBXContainerItemProxy */ = {
			isa = PBXContainerItemProxy;
			containerPortal = 61751AA41CB33299009C0B6C /* Project object */;
			proxyType = 1;
			remoteGlobalIDString = 61751AAB1CB3329A009C0B6C;
			remoteInfo = "campusrec-ios";
		};
		61751ACC1CB3329B009C0B6C /* PBXContainerItemProxy */ = {
			isa = PBXContainerItemProxy;
			containerPortal = 61751AA41CB33299009C0B6C /* Project object */;
			proxyType = 1;
			remoteGlobalIDString = 61751AAB1CB3329A009C0B6C;
			remoteInfo = "campusrec-ios";
		};
/* End PBXContainerItemProxy section */

/* Begin PBXFileReference section */
		61751AAC1CB3329A009C0B6C /* campusrec-ios.app */ = {isa = PBXFileReference; explicitFileType = wrapper.application; includeInIndex = 0; path = "campusrec-ios.app"; sourceTree = BUILT_PRODUCTS_DIR; };
		61751AAF1CB3329B009C0B6C /* AppDelegate.swift */ = {isa = PBXFileReference; lastKnownFileType = sourcecode.swift; path = AppDelegate.swift; sourceTree = "<group>"; };
		61751AB11CB3329B009C0B6C /* ViewController.swift */ = {isa = PBXFileReference; lastKnownFileType = sourcecode.swift; path = ViewController.swift; sourceTree = "<group>"; };
		61751AB41CB3329B009C0B6C /* Base */ = {isa = PBXFileReference; lastKnownFileType = file.storyboard; name = Base; path = Base.lproj/Main.storyboard; sourceTree = "<group>"; };
		61751AB61CB3329B009C0B6C /* Assets.xcassets */ = {isa = PBXFileReference; lastKnownFileType = folder.assetcatalog; path = Assets.xcassets; sourceTree = "<group>"; };
		61751AB91CB3329B009C0B6C /* Base */ = {isa = PBXFileReference; lastKnownFileType = file.storyboard; name = Base; path = Base.lproj/LaunchScreen.storyboard; sourceTree = "<group>"; };
		61751ABB1CB3329B009C0B6C /* Info.plist */ = {isa = PBXFileReference; lastKnownFileType = text.plist.xml; path = Info.plist; sourceTree = "<group>"; };
		61751AC01CB3329B009C0B6C /* campusrec-iosTests.xctest */ = {isa = PBXFileReference; explicitFileType = wrapper.cfbundle; includeInIndex = 0; path = "campusrec-iosTests.xctest"; sourceTree = BUILT_PRODUCTS_DIR; };
		61751AC41CB3329B009C0B6C /* campusrec_iosTests.swift */ = {isa = PBXFileReference; lastKnownFileType = sourcecode.swift; path = campusrec_iosTests.swift; sourceTree = "<group>"; };
		61751AC61CB3329B009C0B6C /* Info.plist */ = {isa = PBXFileReference; lastKnownFileType = text.plist.xml; path = Info.plist; sourceTree = "<group>"; };
		61751ACB1CB3329B009C0B6C /* campusrec-iosUITests.xctest */ = {isa = PBXFileReference; explicitFileType = wrapper.cfbundle; includeInIndex = 0; path = "campusrec-iosUITests.xctest"; sourceTree = BUILT_PRODUCTS_DIR; };
		61751ACF1CB3329B009C0B6C /* campusrec_iosUITests.swift */ = {isa = PBXFileReference; lastKnownFileType = sourcecode.swift; path = campusrec_iosUITests.swift; sourceTree = "<group>"; };
		61751AD11CB3329B009C0B6C /* Info.plist */ = {isa = PBXFileReference; lastKnownFileType = text.plist.xml; path = Info.plist; sourceTree = "<group>"; };
/* End PBXFileReference section */

/* Begin PBXFrameworksBuildPhase section */
		61751AA91CB3329A009C0B6C /* Frameworks */ = {
			isa = PBXFrameworksBuildPhase;
			buildActionMask = 2147483647;
			files = (
			);
			runOnlyForDeploymentPostprocessing = 0;
		};
		61751ABD1CB3329B009C0B6C /* Frameworks */ = {
			isa = PBXFrameworksBuildPhase;
			buildActionMask = 2147483647;
			files = (
			);
			runOnlyForDeploymentPostprocessing = 0;
		};
		61751AC81CB3329B009C0B6C /* Frameworks */ = {
			isa = PBXFrameworksBuildPhase;
			buildActionMask = 2147483647;
			files = (
			);
			runOnlyForDeploymentPostprocessing = 0;
		};
/* End PBXFrameworksBuildPhase section */

/* Begin PBXGroup section */
		61751AA31CB33299009C0B6C = {
			isa = PBXGroup;
			children = (
				61751AAE1CB3329B009C0B6C /* campusrec-ios */,
				61751AC31CB3329B009C0B6C /* campusrec-iosTests */,
				61751ACE1CB3329B009C0B6C /* campusrec-iosUITests */,
				61751AAD1CB3329A009C0B6C /* Products */,
			);
			sourceTree = "<group>";
		};
		61751AAD1CB3329A009C0B6C /* Products */ = {
			isa = PBXGroup;
			children = (
				61751AAC1CB3329A009C0B6C /* campusrec-ios.app */,
				61751AC01CB3329B009C0B6C /* campusrec-iosTests.xctest */,
				61751ACB1CB3329B009C0B6C /* campusrec-iosUITests.xctest */,
			);
			name = Products;
			sourceTree = "<group>";
		};
		61751AAE1CB3329B009C0B6C /* campusrec-ios */ = {
			isa = PBXGroup;
			children = (
				61751AAF1CB3329B009C0B6C /* AppDelegate.swift */,
				61751AB11CB3329B009C0B6C /* ViewController.swift */,
				61751AB31CB3329B009C0B6C /* Main.storyboard */,
				61751AB61CB3329B009C0B6C /* Assets.xcassets */,
				61751AB81CB3329B009C0B6C /* LaunchScreen.storyboard */,
				61751ABB1CB3329B009C0B6C /* Info.plist */,
			);
			path = "campusrec-ios";
			sourceTree = "<group>";
		};
		61751AC31CB3329B009C0B6C /* campusrec-iosTests */ = {
			isa = PBXGroup;
			children = (
				61751AC41CB3329B009C0B6C /* campusrec_iosTests.swift */,
				61751AC61CB3329B009C0B6C /* Info.plist */,
			);
			path = "campusrec-iosTests";
			sourceTree = "<group>";
		};
		61751ACE1CB3329B009C0B6C /* campusrec-iosUITests */ = {
			isa = PBXGroup;
			children = (
				61751ACF1CB3329B009C0B6C /* campusrec_iosUITests.swift */,
				61751AD11CB3329B009C0B6C /* Info.plist */,
			);
			path = "campusrec-iosUITests";
			sourceTree = "<group>";
		};
/* End PBXGroup section */

/* Begin PBXNativeTarget section */
		61751AAB1CB3329A009C0B6C /* campusrec-ios */ = {
			isa = PBXNativeTarget;
			buildConfigurationList = 61751AD41CB3329B009C0B6C /* Build configuration list for PBXNativeTarget "campusrec-ios" */;
			buildPhases = (
				61751AA81CB3329A009C0B6C /* Sources */,
				61751AA91CB3329A009C0B6C /* Frameworks */,
				61751AAA1CB3329A009C0B6C /* Resources */,
			);
			buildRules = (
			);
			dependencies = (
			);
			name = "campusrec-ios";
			productName = "campusrec-ios";
			productReference = 61751AAC1CB3329A009C0B6C /* campusrec-ios.app */;
			productType = "com.apple.product-type.application";
		};
		61751ABF1CB3329B009C0B6C /* campusrec-iosTests */ = {
			isa = PBXNativeTarget;
			buildConfigurationList = 61751AD71CB3329B009C0B6C /* Build configuration list for PBXNativeTarget "campusrec-iosTests" */;
			buildPhases = (
				61751ABC1CB3329B009C0B6C /* Sources */,
				61751ABD1CB3329B009C0B6C /* Frameworks */,
				61751ABE1CB3329B009C0B6C /* Resources */,
			);
			buildRules = (
			);
			dependencies = (
				61751AC21CB3329B009C0B6C /* PBXTargetDependency */,
			);
			name = "campusrec-iosTests";
			productName = "campusrec-iosTests";
			productReference = 61751AC01CB3329B009C0B6C /* campusrec-iosTests.xctest */;
			productType = "com.apple.product-type.bundle.unit-test";
		};
		61751ACA1CB3329B009C0B6C /* campusrec-iosUITests */ = {
			isa = PBXNativeTarget;
			buildConfigurationList = 61751ADA1CB3329B009C0B6C /* Build configuration list for PBXNativeTarget "campusrec-iosUITests" */;
			buildPhases = (
				61751AC71CB3329B009C0B6C /* Sources */,
				61751AC81CB3329B009C0B6C /* Frameworks */,
				61751AC91CB3329B009C0B6C /* Resources */,
			);
			buildRules = (
			);
			dependencies = (
				61751ACD1CB3329B009C0B6C /* PBXTargetDependency */,
			);
			name = "campusrec-iosUITests";
			productName = "campusrec-iosUITests";
			productReference = 61751ACB1CB3329B009C0B6C /* campusrec-iosUITests.xctest */;
			productType = "com.apple.product-type.bundle.ui-testing";
		};
/* End PBXNativeTarget section */

/* Begin PBXProject section */
		61751AA41CB33299009C0B6C /* Project object */ = {
			isa = PBXProject;
			attributes = {
				LastSwiftUpdateCheck = 0730;
				LastUpgradeCheck = 0730;
				ORGANIZATIONNAME = "ThinkBig Applications";
				TargetAttributes = {
					61751AAB1CB3329A009C0B6C = {
						CreatedOnToolsVersion = 7.3;
					};
					61751ABF1CB3329B009C0B6C = {
						CreatedOnToolsVersion = 7.3;
						TestTargetID = 61751AAB1CB3329A009C0B6C;
					};
					61751ACA1CB3329B009C0B6C = {
						CreatedOnToolsVersion = 7.3;
						TestTargetID = 61751AAB1CB3329A009C0B6C;
					};
				};
			};
			buildConfigurationList = 61751AA71CB33299009C0B6C /* Build configuration list for PBXProject "campusrec-ios" */;
			compatibilityVersion = "Xcode 3.2";
			developmentRegion = English;
			hasScannedForEncodings = 0;
			knownRegions = (
				en,
				Base,
			);
			mainGroup = 61751AA31CB33299009C0B6C;
			productRefGroup = 61751AAD1CB3329A009C0B6C /* Products */;
			projectDirPath = "";
			projectRoot = "";
			targets = (
				61751AAB1CB3329A009C0B6C /* campusrec-ios */,
				61751ABF1CB3329B009C0B6C /* campusrec-iosTests */,
				61751ACA1CB3329B009C0B6C /* campusrec-iosUITests */,
			);
		};
/* End PBXProject section */

/* Begin PBXResourcesBuildPhase section */
		61751AAA1CB3329A009C0B6C /* Resources */ = {
			isa = PBXResourcesBuildPhase;
			buildActionMask = 2147483647;
			files = (
				61751ABA1CB3329B009C0B6C /* LaunchScreen.storyboard in Resources */,
				61751AB71CB3329B009C0B6C /* Assets.xcassets in Resources */,
				61751AB51CB3329B009C0B6C /* Main.storyboard in Resources */,
			);
			runOnlyForDeploymentPostprocessing = 0;
		};
		61751ABE1CB3329B009C0B6C /* Resources */ = {
			isa = PBXResourcesBuildPhase;
			buildActionMask = 2147483647;
			files = (
			);
			runOnlyForDeploymentPostprocessing = 0;
		};
		61751AC91CB3329B009C0B6C /* Resources */ = {
			isa = PBXResourcesBuildPhase;
			buildActionMask = 2147483647;
			files = (
			);
			runOnlyForDeploymentPostprocessing = 0;
		};
/* End PBXResourcesBuildPhase section */

/* Begin PBXSourcesBuildPhase section */
		61751AA81CB3329A009C0B6C /* Sources */ = {
			isa = PBXSourcesBuildPhase;
			buildActionMask = 2147483647;
			files = (
				61751AB21CB3329B009C0B6C /* ViewController.swift in Sources */,
				61751AB01CB3329B009C0B6C /* AppDelegate.swift in Sources */,
			);
			runOnlyForDeploymentPostprocessing = 0;
		};
		61751ABC1CB3329B009C0B6C /* Sources */ = {
			isa = PBXSourcesBuildPhase;
			buildActionMask = 2147483647;
			files = (
				61751AC51CB3329B009C0B6C /* campusrec_iosTests.swift in Sources */,
			);
			runOnlyForDeploymentPostprocessing = 0;
		};
		61751AC71CB3329B009C0B6C /* Sources */ = {
			isa = PBXSourcesBuildPhase;
			buildActionMask = 2147483647;
			files = (
				61751AD01CB3329B009C0B6C /* campusrec_iosUITests.swift in Sources */,
			);
			runOnlyForDeploymentPostprocessing = 0;
		};
/* End PBXSourcesBuildPhase section */

/* Begin PBXTargetDependency section */
		61751AC21CB3329B009C0B6C /* PBXTargetDependency */ = {
			isa = PBXTargetDependency;
			target = 61751AAB1CB3329A009C0B6C /* campusrec-ios */;
			targetProxy = 61751AC11CB3329B009C0B6C /* PBXContainerItemProxy */;
		};
		61751ACD1CB3329B009C0B6C /* PBXTargetDependency */ = {
			isa = PBXTargetDependency;
			target = 61751AAB1CB3329A009C0B6C /* campusrec-ios */;
			targetProxy = 61751ACC1CB3329B009C0B6C /* PBXContainerItemProxy */;
		};
/* End PBXTargetDependency section */

/* Begin PBXVariantGroup section */
		61751AB31CB3329B009C0B6C /* Main.storyboard */ = {
			isa = PBXVariantGroup;
			children = (
				61751AB41CB3329B009C0B6C /* Base */,
			);
			name = Main.storyboard;
			sourceTree = "<group>";
		};
		61751AB81CB3329B009C0B6C /* LaunchScreen.storyboard */ = {
			isa = PBXVariantGroup;
			children = (
				61751AB91CB3329B009C0B6C /* Base */,
			);
			name = LaunchScreen.storyboard;
			sourceTree = "<group>";
		};
/* End PBXVariantGroup section */

/* Begin XCBuildConfiguration section */
		61751AD21CB3329B009C0B6C /* Debug */ = {
			isa = XCBuildConfiguration;
			buildSettings = {
				ALWAYS_SEARCH_USER_PATHS = NO;
				CLANG_ANALYZER_NONNULL = YES;
				CLANG_CXX_LANGUAGE_STANDARD = "gnu++0x";
				CLANG_CXX_LIBRARY = "libc++";
				CLANG_ENABLE_MODULES = YES;
				CLANG_ENABLE_OBJC_ARC = YES;
				CLANG_WARN_BOOL_CONVERSION = YES;
				CLANG_WARN_CONSTANT_CONVERSION = YES;
				CLANG_WARN_DIRECT_OBJC_ISA_USAGE = YES_ERROR;
				CLANG_WARN_EMPTY_BODY = YES;
				CLANG_WARN_ENUM_CONVERSION = YES;
				CLANG_WARN_INT_CONVERSION = YES;
				CLANG_WARN_OBJC_ROOT_CLASS = YES_ERROR;
				CLANG_WARN_UNREACHABLE_CODE = YES;
				CLANG_WARN__DUPLICATE_METHOD_MATCH = YES;
				"CODE_SIGN_IDENTITY[sdk=iphoneos*]" = "iPhone Developer";
				COPY_PHASE_STRIP = NO;
				DEBUG_INFORMATION_FORMAT = dwarf;
				ENABLE_STRICT_OBJC_MSGSEND = YES;
				ENABLE_TESTABILITY = YES;
				GCC_C_LANGUAGE_STANDARD = gnu99;
				GCC_DYNAMIC_NO_PIC = NO;
				GCC_NO_COMMON_BLOCKS = YES;
				GCC_OPTIMIZATION_LEVEL = 0;
				GCC_PREPROCESSOR_DEFINITIONS = (
					"DEBUG=1",
					"$(inherited)",
				);
				GCC_WARN_64_TO_32_BIT_CONVERSION = YES;
				GCC_WARN_ABOUT_RETURN_TYPE = YES_ERROR;
				GCC_WARN_UNDECLARED_SELECTOR = YES;
				GCC_WARN_UNINITIALIZED_AUTOS = YES_AGGRESSIVE;
				GCC_WARN_UNUSED_FUNCTION = YES;
				GCC_WARN_UNUSED_VARIABLE = YES;
				IPHONEOS_DEPLOYMENT_TARGET = 9.3;
				MTL_ENABLE_DEBUG_INFO = YES;
				ONLY_ACTIVE_ARCH = YES;
				SDKROOT = iphoneos;
				SWIFT_OPTIMIZATION_LEVEL = "-Onone";
				TARGETED_DEVICE_FAMILY = "1,2";
			};
			name = Debug;
		};
		61751AD31CB3329B009C0B6C /* Release */ = {
			isa = XCBuildConfiguration;
			buildSettings = {
				ALWAYS_SEARCH_USER_PATHS = NO;
				CLANG_ANALYZER_NONNULL = YES;
				CLANG_CXX_LANGUAGE_STANDARD = "gnu++0x";
				CLANG_CXX_LIBRARY = "libc++";
				CLANG_ENABLE_MODULES = YES;
				CLANG_ENABLE_OBJC_ARC = YES;
				CLANG_WARN_BOOL_CONVERSION = YES;
				CLANG_WARN_CONSTANT_CONVERSION = YES;
				CLANG_WARN_DIRECT_OBJC_ISA_USAGE = YES_ERROR;
				CLANG_WARN_EMPTY_BODY = YES;
				CLANG_WARN_ENUM_CONVERSION = YES;
				CLANG_WARN_INT_CONVERSION = YES;
				CLANG_WARN_OBJC_ROOT_CLASS = YES_ERROR;
				CLANG_WARN_UNREACHABLE_CODE = YES;
				CLANG_WARN__DUPLICATE_METHOD_MATCH = YES;
				"CODE_SIGN_IDENTITY[sdk=iphoneos*]" = "iPhone Developer";
				COPY_PHASE_STRIP = NO;
				DEBUG_INFORMATION_FORMAT = "dwarf-with-dsym";
				ENABLE_NS_ASSERTIONS = NO;
				ENABLE_STRICT_OBJC_MSGSEND = YES;
				GCC_C_LANGUAGE_STANDARD = gnu99;
				GCC_NO_COMMON_BLOCKS = YES;
				GCC_WARN_64_TO_32_BIT_CONVERSION = YES;
				GCC_WARN_ABOUT_RETURN_TYPE = YES_ERROR;
				GCC_WARN_UNDECLARED_SELECTOR = YES;
				GCC_WARN_UNINITIALIZED_AUTOS = YES_AGGRESSIVE;
				GCC_WARN_UNUSED_FUNCTION = YES;
				GCC_WARN_UNUSED_VARIABLE = YES;
				IPHONEOS_DEPLOYMENT_TARGET = 9.3;
				MTL_ENABLE_DEBUG_INFO = NO;
				SDKROOT = iphoneos;
				TARGETED_DEVICE_FAMILY = "1,2";
				VALIDATE_PRODUCT = YES;
			};
			name = Release;
		};
		61751AD51CB3329B009C0B6C /* Debug */ = {
			isa = XCBuildConfiguration;
			buildSettings = {
				ASSETCATALOG_COMPILER_APPICON_NAME = AppIcon;
				INFOPLIST_FILE = "campusrec-ios/Info.plist";
				LD_RUNPATH_SEARCH_PATHS = "$(inherited) @executable_path/Frameworks";
				PRODUCT_BUNDLE_IDENTIFIER = "thinkBig.campusrec-ios";
				PRODUCT_NAME = "$(TARGET_NAME)";
			};
			name = Debug;
		};
		61751AD61CB3329B009C0B6C /* Release */ = {
			isa = XCBuildConfiguration;
			buildSettings = {
				ASSETCATALOG_COMPILER_APPICON_NAME = AppIcon;
				INFOPLIST_FILE = "campusrec-ios/Info.plist";
				LD_RUNPATH_SEARCH_PATHS = "$(inherited) @executable_path/Frameworks";
				PRODUCT_BUNDLE_IDENTIFIER = "thinkBig.campusrec-ios";
				PRODUCT_NAME = "$(TARGET_NAME)";
			};
			name = Release;
		};
		61751AD81CB3329B009C0B6C /* Debug */ = {
			isa = XCBuildConfiguration;
			buildSettings = {
				BUNDLE_LOADER = "$(TEST_HOST)";
				INFOPLIST_FILE = "campusrec-iosTests/Info.plist";
				LD_RUNPATH_SEARCH_PATHS = "$(inherited) @executable_path/Frameworks @loader_path/Frameworks";
				PRODUCT_BUNDLE_IDENTIFIER = "thinkBig.campusrec-iosTests";
				PRODUCT_NAME = "$(TARGET_NAME)";
				TEST_HOST = "$(BUILT_PRODUCTS_DIR)/campusrec-ios.app/campusrec-ios";
			};
			name = Debug;
		};
		61751AD91CB3329B009C0B6C /* Release */ = {
			isa = XCBuildConfiguration;
			buildSettings = {
				BUNDLE_LOADER = "$(TEST_HOST)";
				INFOPLIST_FILE = "campusrec-iosTests/Info.plist";
				LD_RUNPATH_SEARCH_PATHS = "$(inherited) @executable_path/Frameworks @loader_path/Frameworks";
				PRODUCT_BUNDLE_IDENTIFIER = "thinkBig.campusrec-iosTests";
				PRODUCT_NAME = "$(TARGET_NAME)";
				TEST_HOST = "$(BUILT_PRODUCTS_DIR)/campusrec-ios.app/campusrec-ios";
			};
			name = Release;
		};
		61751ADB1CB3329B009C0B6C /* Debug */ = {
			isa = XCBuildConfiguration;
			buildSettings = {
				INFOPLIST_FILE = "campusrec-iosUITests/Info.plist";
				LD_RUNPATH_SEARCH_PATHS = "$(inherited) @executable_path/Frameworks @loader_path/Frameworks";
				PRODUCT_BUNDLE_IDENTIFIER = "thinkBig.campusrec-iosUITests";
				PRODUCT_NAME = "$(TARGET_NAME)";
				TEST_TARGET_NAME = "campusrec-ios";
			};
			name = Debug;
		};
		61751ADC1CB3329B009C0B6C /* Release */ = {
			isa = XCBuildConfiguration;
			buildSettings = {
				INFOPLIST_FILE = "campusrec-iosUITests/Info.plist";
				LD_RUNPATH_SEARCH_PATHS = "$(inherited) @executable_path/Frameworks @loader_path/Frameworks";
				PRODUCT_BUNDLE_IDENTIFIER = "thinkBig.campusrec-iosUITests";
				PRODUCT_NAME = "$(TARGET_NAME)";
				TEST_TARGET_NAME = "campusrec-ios";
			};
			name = Release;
		};
/* End XCBuildConfiguration section */

/* Begin XCConfigurationList section */
		61751AA71CB33299009C0B6C /* Build configuration list for PBXProject "campusrec-ios" */ = {
			isa = XCConfigurationList;
			buildConfigurations = (
				61751AD21CB3329B009C0B6C /* Debug */,
				61751AD31CB3329B009C0B6C /* Release */,
			);
			defaultConfigurationIsVisible = 0;
			defaultConfigurationName = Release;
		};
		61751AD41CB3329B009C0B6C /* Build configuration list for PBXNativeTarget "campusrec-ios" */ = {
			isa = XCConfigurationList;
			buildConfigurations = (
				61751AD51CB3329B009C0B6C /* Debug */,
				61751AD61CB3329B009C0B6C /* Release */,
			);
			defaultConfigurationIsVisible = 0;
		};
		61751AD71CB3329B009C0B6C /* Build configuration list for PBXNativeTarget "campusrec-iosTests" */ = {
			isa = XCConfigurationList;
			buildConfigurations = (
				61751AD81CB3329B009C0B6C /* Debug */,
				61751AD91CB3329B009C0B6C /* Release */,
			);
			defaultConfigurationIsVisible = 0;
		};
		61751ADA1CB3329B009C0B6C /* Build configuration list for PBXNativeTarget "campusrec-iosUITests" */ = {
			isa = XCConfigurationList;
			buildConfigurations = (
				61751ADB1CB3329B009C0B6C /* Debug */,
				61751ADC1CB3329B009C0B6C /* Release */,
			);
			defaultConfigurationIsVisible = 0;
		};
/* End XCConfigurationList section */
	};
	rootObject = 61751AA41CB33299009C0B6C /* Project object */;
}
